{
  "object": {
    "pins": [
      {
        "package": "Currying",
        "repositoryURL": "git@github.com:spacenation/currying.swift.git",
        "state": {
          "branch": null,
          "revision": "75dca19133506bee5390b847ac54801f57ec67ae",
          "version": "0.2.1"
        }
      },
      {
        "package": "Decoder",
        "repositoryURL": "git@github.com:spacenation/decoder.swift.git",
        "state": {
          "branch": null,
          "revision": "a9ef04faebf3948daf81095d8bb0cca060d44ce1",
          "version": "0.3.1"
        }
      }
    ]
  },
  "version": 1
}
